
Microsoft Visual Studio Solution File, Format Version 12.00
# Visual Studio 14
VisualStudioVersion = 14.0.25123.0
MinimumVisualStudioVersion = 10.0.40219.1
Project("{FAE04EC0-301F-11D3-BF4B-00C04F79EFBC}") = "Dapplo.Log.Facade", "Dapplo.Log.Facade\Dapplo.Log.Facade.csproj", "{DF0302BD-C893-4424-9766-1E3360946E05}"
EndProject
Project("{FAE04EC0-301F-11D3-BF4B-00C04F79EFBC}") = "Dapplo.Log.Tests", "Dapplo.Log.Tests\Dapplo.Log.Tests.csproj", "{79F58E26-357C-4FF7-82F2-F68E58342D68}"
EndProject
Project("{FAE04EC0-301F-11D3-BF4B-00C04F79EFBC}") = "Dapplo.Log.Facade.PCL", "Dapplo.Log.Facade.PCL\Dapplo.Log.Facade.PCL.csproj", "{62B34EC3-005B-4540-8740-A37F8CD13C46}"
EndProject
Project("{D954291E-2A0B-460D-934E-DC6B0785DB48}") = "Dapplo.Log.Facade.Shared", "Dapplo.Log.Facade.Shared\Dapplo.Log.Facade.Shared.shproj", "{0BB54C52-0E62-45B4-BDE2-5C420F006A45}"
EndProject
Project("{FAE04EC0-301F-11D3-BF4B-00C04F79EFBC}") = "Dapplo.Log.Facade.Xamarin", "Dapplo.Log.Facade.Xamarin\Dapplo.Log.Facade.Xamarin.csproj", "{C6DFAB45-30D0-4D6D-893C-450492717196}"
EndProject
Project("{D954291E-2A0B-460D-934E-DC6B0785DB48}") = "Dapplo.Log.LogFile.Shared", "Dapplo.Log.File.Shared\Dapplo.Log.LogFile.Shared.shproj", "{9B8C9A88-9F7A-42DB-A572-6336A2C2D7B4}"
EndProject
Project("{FAE04EC0-301F-11D3-BF4B-00C04F79EFBC}") = "Dapplo.Log.LogFile", "Dapplo.Log.File\Dapplo.Log.LogFile.csproj", "{B2F8643D-E81D-4D1D-960D-7C66C632AED5}"
EndProject
Project("{D954291E-2A0B-460D-934E-DC6B0785DB48}") = "Dapplo.Log.XUnit.Shared", "Dapplo.Log.XUnit.Shared\Dapplo.Log.XUnit.Shared.shproj", "{AA520D12-7EC9-4C0C-A3E2-7053E2B5E915}"
EndProject
Project("{FAE04EC0-301F-11D3-BF4B-00C04F79EFBC}") = "Dapplo.Log.XUnit", "Dapplo.Log.XUnit\Dapplo.Log.XUnit.csproj", "{AB7C6084-1BE8-4391-A9BC-06E2555D3787}"
EndProject
Global
	GlobalSection(SharedMSBuildProjectFiles) = preSolution
		Dapplo.Log.XUnit.Shared\Dapplo.Log.XUnit.Shared.projitems*{aa520d12-7ec9-4c0c-a3e2-7053e2b5e915}*SharedItemsImports = 13
		Dapplo.Log.Facade.Shared\Dapplo.Log.Facade.Shared.projitems*{c6dfab45-30d0-4d6d-893c-450492717196}*SharedItemsImports = 4
		Dapplo.Log.XUnit.Shared\Dapplo.Log.XUnit.Shared.projitems*{ab7c6084-1be8-4391-a9bc-06e2555d3787}*SharedItemsImports = 4
		Dapplo.Log.Facade.Shared\Dapplo.Log.Facade.Shared.projitems*{62b34ec3-005b-4540-8740-a37f8cd13c46}*SharedItemsImports = 4
		Dapplo.Log.Facade.Shared\Dapplo.Log.Facade.Shared.projitems*{df0302bd-c893-4424-9766-1e3360946e05}*SharedItemsImports = 4
		Dapplo.Log.File.Shared\Dapplo.Log.File.Shared.projitems*{b2f8643d-e81d-4d1d-960d-7c66c632aed5}*SharedItemsImports = 4
		Dapplo.Log.Facade.Shared\Dapplo.Log.Facade.Shared.projitems*{0bb54c52-0e62-45b4-bde2-5c420f006a45}*SharedItemsImports = 13
		Dapplo.Log.File.Shared\Dapplo.Log.File.Shared.projitems*{9b8c9a88-9f7a-42db-a572-6336a2c2d7b4}*SharedItemsImports = 13
	EndGlobalSection
	GlobalSection(SolutionConfigurationPlatforms) = preSolution
		Debug|AnyCPU = Debug|AnyCPU
		Release|AnyCPU = Release|AnyCPU
	EndGlobalSection
	GlobalSection(ProjectConfigurationPlatforms) = postSolution
		{DF0302BD-C893-4424-9766-1E3360946E05}.Debug|AnyCPU.ActiveCfg = Debug|Any CPU
		{DF0302BD-C893-4424-9766-1E3360946E05}.Debug|AnyCPU.Build.0 = Debug|Any CPU
		{DF0302BD-C893-4424-9766-1E3360946E05}.Release|AnyCPU.ActiveCfg = Release|Any CPU
		{DF0302BD-C893-4424-9766-1E3360946E05}.Release|AnyCPU.Build.0 = Release|Any CPU
		{79F58E26-357C-4FF7-82F2-F68E58342D68}.Debug|AnyCPU.ActiveCfg = Debug|Any CPU
		{79F58E26-357C-4FF7-82F2-F68E58342D68}.Debug|AnyCPU.Build.0 = Debug|Any CPU
		{79F58E26-357C-4FF7-82F2-F68E58342D68}.Release|AnyCPU.ActiveCfg = Release|Any CPU
		{79F58E26-357C-4FF7-82F2-F68E58342D68}.Release|AnyCPU.Build.0 = Release|Any CPU
		{62B34EC3-005B-4540-8740-A37F8CD13C46}.Debug|AnyCPU.ActiveCfg = Debug|Any CPU
		{62B34EC3-005B-4540-8740-A37F8CD13C46}.Debug|AnyCPU.Build.0 = Debug|Any CPU
		{62B34EC3-005B-4540-8740-A37F8CD13C46}.Release|AnyCPU.ActiveCfg = Release|Any CPU
		{62B34EC3-005B-4540-8740-A37F8CD13C46}.Release|AnyCPU.Build.0 = Release|Any CPU
		{C6DFAB45-30D0-4D6D-893C-450492717196}.Debug|AnyCPU.ActiveCfg = Debug|Any CPU
		{C6DFAB45-30D0-4D6D-893C-450492717196}.Debug|AnyCPU.Build.0 = Debug|Any CPU
		{C6DFAB45-30D0-4D6D-893C-450492717196}.Release|AnyCPU.ActiveCfg = Release|Any CPU
		{C6DFAB45-30D0-4D6D-893C-450492717196}.Release|AnyCPU.Build.0 = Release|Any CPU
		{B2F8643D-E81D-4D1D-960D-7C66C632AED5}.Debug|AnyCPU.ActiveCfg = Debug|Any CPU
		{B2F8643D-E81D-4D1D-960D-7C66C632AED5}.Debug|AnyCPU.Build.0 = Debug|Any CPU
		{B2F8643D-E81D-4D1D-960D-7C66C632AED5}.Release|AnyCPU.ActiveCfg = Release|Any CPU
		{B2F8643D-E81D-4D1D-960D-7C66C632AED5}.Release|AnyCPU.Build.0 = Release|Any CPU
		{AB7C6084-1BE8-4391-A9BC-06E2555D3787}.Debug|AnyCPU.ActiveCfg = Debug|Any CPU
		{AB7C6084-1BE8-4391-A9BC-06E2555D3787}.Debug|AnyCPU.Build.0 = Debug|Any CPU
		{AB7C6084-1BE8-4391-A9BC-06E2555D3787}.Release|AnyCPU.ActiveCfg = Release|Any CPU
		{AB7C6084-1BE8-4391-A9BC-06E2555D3787}.Release|AnyCPU.Build.0 = Release|Any CPU
	EndGlobalSection
	GlobalSection(SolutionProperties) = preSolution
		HideSolutionNode = FALSE
	EndGlobalSection
EndGlobal
